# @generated - this file is auto-generated by `mise lock` https://mise.jdx.dev/dev-tools/mise-lock.html

lockfile_version = 2

[[tools.communique]]
version = "1.5.0"
backend = "packslip:github.com/jdx/communique"
specifiers = ["latest"]

[tools.communique."platforms.linux-arm64"]
checksum = "sha256:9453e94e1696f00841872b01af72ae273f0424eef7dd3920009110e7f8019dc6"
url = "https://github.com/jdx/communique/releases/download/v1.5.0/communique-aarch64-unknown-linux-gnu.tar.gz"
signer = "sigstore-oidc:https://github.com/jdx/communique/.github/workflows/release.yml"

[tools.communique."platforms.linux-arm64-musl"]
checksum = "sha256:a2292116a3e67f92b63971dd575b96521939123e908a946e36c26bdb9afe2937"
url = "https://github.com/jdx/communique/releases/download/v1.5.0/communique-aarch64-unknown-linux-musl.tar.gz"
signer = "sigstore-oidc:https://github.com/jdx/communique/.github/workflows/release.yml"

[tools.communique."platforms.linux-x64"]
checksum = "sha256:81f2be628e15622deabf0cd3cb0cbc65c0d8d692db250075f131405cdb6cfb99"
url = "https://github.com/jdx/communique/releases/download/v1.5.0/communique-x86_64-unknown-linux-gnu.tar.gz"
signer = "sigstore-oidc:https://github.com/jdx/communique/.github/workflows/release.yml"

[tools.communique."platforms.linux-x64-musl"]
checksum = "sha256:2b97ac65ba72ca2f8c53c88e3fdc9e13e9b91b2d4ffffedbb465d97cc3ca1181"
url = "https://github.com/jdx/communique/releases/download/v1.5.0/communique-x86_64-unknown-linux-musl.tar.gz"
signer = "sigstore-oidc:https://github.com/jdx/communique/.github/workflows/release.yml"

[tools.communique."platforms.macos-arm64"]
checksum = "sha256:7b248134f170843f7b5f681baef45fabbd477b6e02651119f85c5065e521e7f4"
url = "https://github.com/jdx/communique/releases/download/v1.5.0/communique-aarch64-apple-darwin.tar.gz"
signer = "sigstore-oidc:https://github.com/jdx/communique/.github/workflows/release.yml"

[tools.communique."platforms.windows-x64"]
checksum = "sha256:9f7bcadaa535e61e751a578f7f67e88b6005ae5ecd0c11b087ce799255f3d3e5"
url = "https://github.com/jdx/communique/releases/download/v1.5.0/communique-x86_64-pc-windows-msvc.zip"
signer = "sigstore-oidc:https://github.com/jdx/communique/.github/workflows/release.yml"

[[tools.gh]]
version = "2.102.0"
backend = "aqua:cli/cli"
specifiers = ["latest"]

[tools.gh."platforms.linux-arm64"]
checksum = "sha256:7862c86c72f43df3a2d93ddde6f473285b4e2af61b494849846827e513ef6484"
url = "https://github.com/cli/cli/releases/download/v2.102.0/gh_2.102.0_linux_arm64.tar.gz"
url_api = "https://api.github.com/repos/cli/cli/releases/assets/599854680"
provenance = "github-attestations"

[tools.gh."platforms.linux-arm64-musl"]
checksum = "sha256:7862c86c72f43df3a2d93ddde6f473285b4e2af61b494849846827e513ef6484"
url = "https://github.com/cli/cli/releases/download/v2.102.0/gh_2.102.0_linux_arm64.tar.gz"
url_api = "https://api.github.com/repos/cli/cli/releases/assets/599854680"
provenance = "github-attestations"

[tools.gh."platforms.linux-x64"]
checksum = "sha256:bb766f710eef8ede859c18578c72c327597cd4c8a85b06001b1f3843c6019386"
url = "https://github.com/cli/cli/releases/download/v2.102.0/gh_2.102.0_linux_amd64.tar.gz"
url_api = "https://api.github.com/repos/cli/cli/releases/assets/599854672"
provenance = "github-attestations"

[tools.gh."platforms.linux-x64-musl"]
checksum = "sha256:bb766f710eef8ede859c18578c72c327597cd4c8a85b06001b1f3843c6019386"
url = "https://github.com/cli/cli/releases/download/v2.102.0/gh_2.102.0_linux_amd64.tar.gz"
url_api = "https://api.github.com/repos/cli/cli/releases/assets/599854672"
provenance = "github-attestations"

[tools.gh."platforms.macos-arm64"]
checksum = "sha256:da922c20d1792e5b2cbf375593d7a658acf034c12c84e007e71c76ef959c337e"
url = "https://github.com/cli/cli/releases/download/v2.102.0/gh_2.102.0_macOS_arm64.zip"
url_api = "https://api.github.com/repos/cli/cli/releases/assets/599854720"
provenance = "github-attestations"

[tools.gh."platforms.macos-x64"]
checksum = "sha256:b245f24eb2bf5f75b426b4c26da3651a107f8d5b6f4fddfbfccc5679041378b3"
url = "https://github.com/cli/cli/releases/download/v2.102.0/gh_2.102.0_macOS_amd64.zip"
url_api = "https://api.github.com/repos/cli/cli/releases/assets/599854716"
provenance = "github-attestations"

[tools.gh."platforms.windows-x64"]
checksum = "sha256:ae64e556ecc240b200f7eba60d550e4bb60d78e860e69dd88c449405b86067f4"
url = "https://github.com/cli/cli/releases/download/v2.102.0/gh_2.102.0_windows_amd64.zip"
url_api = "https://api.github.com/repos/cli/cli/releases/assets/599854760"
provenance = "github-attestations"

[[tools.git-cliff]]
version = "2.14.2"
backend = "aqua:orhun/git-cliff"
specifiers = ["latest"]

[tools.git-cliff."platforms.linux-arm64"]
checksum = "sha256:69e208f6e4baef3a0f9b759d5f44223aa9336b86c691072a3d0c98d35a816e69"
url = "https://github.com/orhun/git-cliff/releases/download/v2.14.2/git-cliff-2.14.2-aarch64-unknown-linux-gnu.tar.gz"
url_api = "https://api.github.com/repos/orhun/git-cliff/releases/assets/573483780"

[tools.git-cliff."platforms.linux-arm64-musl"]
checksum = "sha256:4be21b21ec9699af4d330b224aeba8a41d41d8f5b351ca2da8a9ea2bdc36380f"
url = "https://github.com/orhun/git-cliff/releases/download/v2.14.2/git-cliff-2.14.2-aarch64-unknown-linux-musl.tar.gz"
url_api = "https://api.github.com/repos/orhun/git-cliff/releases/assets/573485334"

[tools.git-cliff."platforms.linux-x64"]
checksum = "sha256:24f397c733add5390fdceee3a2088588ab0d5f944ce00d34cb7029b888cf2db4"
url = "https://github.com/orhun/git-cliff/releases/download/v2.14.2/git-cliff-2.14.2-x86_64-unknown-linux-gnu.tar.gz"
url_api = "https://api.github.com/repos/orhun/git-cliff/releases/assets/573483509"

[tools.git-cliff."platforms.linux-x64-musl"]
checksum = "sha256:fa21e2fc70046fcfd0e43e5e4613873ab799aff3d9dc8559c00d31b270e417d0"
url = "https://github.com/orhun/git-cliff/releases/download/v2.14.2/git-cliff-2.14.2-x86_64-unknown-linux-musl.tar.gz"
url_api = "https://api.github.com/repos/orhun/git-cliff/releases/assets/573485273"

[tools.git-cliff."platforms.macos-arm64"]
checksum = "sha256:a0be97e237d440d34c5e508ec21d070b2c85cbb8be48a46a56f9a4e8bd247f05"
url = "https://github.com/orhun/git-cliff/releases/download/v2.14.2/git-cliff-2.14.2-aarch64-apple-darwin.tar.gz"
url_api = "https://api.github.com/repos/orhun/git-cliff/releases/assets/573487203"

[tools.git-cliff."platforms.macos-x64"]
checksum = "sha256:4e647d2deb152aca1e987f225cf42b080b991dd98f3bce4027ef95446d982ac3"
url = "https://github.com/orhun/git-cliff/releases/download/v2.14.2/git-cliff-2.14.2-x86_64-apple-darwin.tar.gz"
url_api = "https://api.github.com/repos/orhun/git-cliff/releases/assets/573484837"

[tools.git-cliff."platforms.windows-x64"]
checksum = "sha256:6ece2112b3f4af462190ecbea4aeb1315fff6af415629b597f84319073c31131"
url = "https://github.com/orhun/git-cliff/releases/download/v2.14.2/git-cliff-2.14.2-x86_64-pc-windows-msvc.zip"
url_api = "https://api.github.com/repos/orhun/git-cliff/releases/assets/573487227"
